
Microsoft Visual Studio Solution File, Format Version 12.00
# Visual Studio Version 17
VisualStudioVersion = 17.1.32414.318
MinimumVisualStudioVersion = 10.0.40219.1
Project("{9A19103F-16F7-4668-BE54-9A1E7A4F7556}") = "Entr.Products", "samples\Entr.Products\Entr.Products.csproj", "{FB8B8CC5-A374-4070-9A1D-81C0C367F229}"
EndProject
Project("{9A19103F-16F7-4668-BE54-9A1E7A4F7556}") = "Entr.Domain", "src\Entr.Domain\Entr.Domain.csproj", "{6D90EB1E-C353-450E-A302-0E9D12F4CC9B}"
EndProject
Project("{2150E333-8FDC-42A3-9474-1A3956D46DE8}") = "src", "src", "{B4A60DDB-5FFD-4B94-BFAC-CDE8F38A9DAD}"
EndProject
Project("{9A19103F-16F7-4668-BE54-9A1E7A4F7556}") = "Entr.Data", "src\Entr.Data\Entr.Data.csproj", "{6B58DE87-2E76-43AC-9E1B-1DE529CCD974}"
EndProject
Project("{9A19103F-16F7-4668-BE54-9A1E7A4F7556}") = "Entr.Data.EntityFrameworkCore", "src\Entr.Data.EntityFrameworkCore\Entr.Data.EntityFrameworkCore.csproj", "{60F96DF7-F674-49BD-B75F-FE73DE2C71B0}"
EndProject
Project("{9A19103F-16F7-4668-BE54-9A1E7A4F7556}") = "Entr.CommandQuery", "src\Entr.CommandQuery\Entr.CommandQuery.csproj", "{FC289FBF-1B83-46D7-AE40-87E09DCCAC63}"
EndProject
Project("{2150E333-8FDC-42A3-9474-1A3956D46DE8}") = "test", "test", "{AA94A6D2-2A29-4B1A-84A5-41296DF9314F}"
EndProject
Project("{9A19103F-16F7-4668-BE54-9A1E7A4F7556}") = "Entr.CommandQuery.Autofac", "src\Entr.CommandQuery.Autofac\Entr.CommandQuery.Autofac.csproj", "{C5DCD7A4-91E5-4985-AC66-5DCEB2DF4DD1}"
EndProject
Project("{9A19103F-16F7-4668-BE54-9A1E7A4F7556}") = "Entr.CommandQuery.Tests", "test\Entr.CommandQuery.Tests\Entr.CommandQuery.Tests.csproj", "{FBB60907-DC25-45C7-82A5-98DCA4E0F34C}"
EndProject
Project("{9A19103F-16F7-4668-BE54-9A1E7A4F7556}") = "Entr.Domain.Tests", "test\Entr.Domain.Tests\Entr.Domain.Tests.csproj", "{C825CEDD-A29E-4DFD-8C5E-52265CA49912}"
EndProject
Project("{9A19103F-16F7-4668-BE54-9A1E7A4F7556}") = "Entr.Net.Smtp", "src\Entr.Net.Smtp\Entr.Net.Smtp.csproj", "{CD9F8B0E-E5DD-484E-B16E-F1D4D457D5D5}"
EndProject
Project("{2150E333-8FDC-42A3-9474-1A3956D46DE8}") = "samples", "samples", "{EB225E92-DED6-46BC-AB6A-D65E03A774D1}"
EndProject
Project("{9A19103F-16F7-4668-BE54-9A1E7A4F7556}") = "Entr.Domain.SourceGenerators", "src\Entr.Domain.SourceGenerators\Entr.Domain.SourceGenerators.csproj", "{513294A5-C1E7-467F-913D-B6ACBC60291E}"
EndProject
Project("{9A19103F-16F7-4668-BE54-9A1E7A4F7556}") = "Entr.Domain.SourceGenerators.Tests", "test\Entr.Domain.SourceGenerators.Tests\Entr.Domain.SourceGenerators.Tests.csproj", "{913F546C-9AAF-4927-A309-313CC81450F6}"
EndProject
Global
	GlobalSection(SolutionConfigurationPlatforms) = preSolution
		Debug|Any CPU = Debug|Any CPU
		Release|Any CPU = Release|Any CPU
	EndGlobalSection
	GlobalSection(ProjectConfigurationPlatforms) = postSolution
		{FB8B8CC5-A374-4070-9A1D-81C0C367F229}.Debug|Any CPU.ActiveCfg = Debug|Any CPU
		{FB8B8CC5-A374-4070-9A1D-81C0C367F229}.Debug|Any CPU.Build.0 = Debug|Any CPU
		{FB8B8CC5-A374-4070-9A1D-81C0C367F229}.Release|Any CPU.ActiveCfg = Release|Any CPU
		{6D90EB1E-C353-450E-A302-0E9D12F4CC9B}.Debug|Any CPU.ActiveCfg = Debug|Any CPU
		{6D90EB1E-C353-450E-A302-0E9D12F4CC9B}.Debug|Any CPU.Build.0 = Debug|Any CPU
		{6D90EB1E-C353-450E-A302-0E9D12F4CC9B}.Release|Any CPU.ActiveCfg = Release|Any CPU
		{6D90EB1E-C353-450E-A302-0E9D12F4CC9B}.Release|Any CPU.Build.0 = Release|Any CPU
		{6B58DE87-2E76-43AC-9E1B-1DE529CCD974}.Debug|Any CPU.ActiveCfg = Debug|Any CPU
		{6B58DE87-2E76-43AC-9E1B-1DE529CCD974}.Debug|Any CPU.Build.0 = Debug|Any CPU
		{6B58DE87-2E76-43AC-9E1B-1DE529CCD974}.Release|Any CPU.ActiveCfg = Release|Any CPU
		{6B58DE87-2E76-43AC-9E1B-1DE529CCD974}.Release|Any CPU.Build.0 = Release|Any CPU
		{60F96DF7-F674-49BD-B75F-FE73DE2C71B0}.Debug|Any CPU.ActiveCfg = Debug|Any CPU
		{60F96DF7-F674-49BD-B75F-FE73DE2C71B0}.Debug|Any CPU.Build.0 = Debug|Any CPU
		{60F96DF7-F674-49BD-B75F-FE73DE2C71B0}.Release|Any CPU.ActiveCfg = Release|Any CPU
		{60F96DF7-F674-49BD-B75F-FE73DE2C71B0}.Release|Any CPU.Build.0 = Release|Any CPU
		{FC289FBF-1B83-46D7-AE40-87E09DCCAC63}.Debug|Any CPU.ActiveCfg = Debug|Any CPU
		{FC289FBF-1B83-46D7-AE40-87E09DCCAC63}.Debug|Any CPU.Build.0 = Debug|Any CPU
		{FC289FBF-1B83-46D7-AE40-87E09DCCAC63}.Release|Any CPU.ActiveCfg = Release|Any CPU
		{FC289FBF-1B83-46D7-AE40-87E09DCCAC63}.Release|Any CPU.Build.0 = Release|Any CPU
		{C5DCD7A4-91E5-4985-AC66-5DCEB2DF4DD1}.Debug|Any CPU.ActiveCfg = Debug|Any CPU
		{C5DCD7A4-91E5-4985-AC66-5DCEB2DF4DD1}.Debug|Any CPU.Build.0 = Debug|Any CPU
		{C5DCD7A4-91E5-4985-AC66-5DCEB2DF4DD1}.Release|Any CPU.ActiveCfg = Release|Any CPU
		{C5DCD7A4-91E5-4985-AC66-5DCEB2DF4DD1}.Release|Any CPU.Build.0 = Release|Any CPU
		{FBB60907-DC25-45C7-82A5-98DCA4E0F34C}.Debug|Any CPU.ActiveCfg = Debug|Any CPU
		{FBB60907-DC25-45C7-82A5-98DCA4E0F34C}.Debug|Any CPU.Build.0 = Debug|Any CPU
		{FBB60907-DC25-45C7-82A5-98DCA4E0F34C}.Release|Any CPU.ActiveCfg = Release|Any CPU
		{FBB60907-DC25-45C7-82A5-98DCA4E0F34C}.Release|Any CPU.Build.0 = Release|Any CPU
		{C825CEDD-A29E-4DFD-8C5E-52265CA49912}.Debug|Any CPU.ActiveCfg = Debug|Any CPU
		{C825CEDD-A29E-4DFD-8C5E-52265CA49912}.Debug|Any CPU.Build.0 = Debug|Any CPU
		{C825CEDD-A29E-4DFD-8C5E-52265CA49912}.Release|Any CPU.ActiveCfg = Release|Any CPU
		{C825CEDD-A29E-4DFD-8C5E-52265CA49912}.Release|Any CPU.Build.0 = Release|Any CPU
		{CD9F8B0E-E5DD-484E-B16E-F1D4D457D5D5}.Debug|Any CPU.ActiveCfg = Debug|Any CPU
		{CD9F8B0E-E5DD-484E-B16E-F1D4D457D5D5}.Debug|Any CPU.Build.0 = Debug|Any CPU
		{CD9F8B0E-E5DD-484E-B16E-F1D4D457D5D5}.Release|Any CPU.ActiveCfg = Release|Any CPU
		{CD9F8B0E-E5DD-484E-B16E-F1D4D457D5D5}.Release|Any CPU.Build.0 = Release|Any CPU
		{513294A5-C1E7-467F-913D-B6ACBC60291E}.Debug|Any CPU.ActiveCfg = Debug|Any CPU
		{513294A5-C1E7-467F-913D-B6ACBC60291E}.Debug|Any CPU.Build.0 = Debug|Any CPU
		{513294A5-C1E7-467F-913D-B6ACBC60291E}.Release|Any CPU.ActiveCfg = Release|Any CPU
		{513294A5-C1E7-467F-913D-B6ACBC60291E}.Release|Any CPU.Build.0 = Release|Any CPU
		{913F546C-9AAF-4927-A309-313CC81450F6}.Debug|Any CPU.ActiveCfg = Debug|Any CPU
		{913F546C-9AAF-4927-A309-313CC81450F6}.Debug|Any CPU.Build.0 = Debug|Any CPU
		{913F546C-9AAF-4927-A309-313CC81450F6}.Release|Any CPU.ActiveCfg = Release|Any CPU
		{913F546C-9AAF-4927-A309-313CC81450F6}.Release|Any CPU.Build.0 = Release|Any CPU
	EndGlobalSection
	GlobalSection(SolutionProperties) = preSolution
		HideSolutionNode = FALSE
	EndGlobalSection
	GlobalSection(NestedProjects) = preSolution
		{FB8B8CC5-A374-4070-9A1D-81C0C367F229} = {EB225E92-DED6-46BC-AB6A-D65E03A774D1}
		{6D90EB1E-C353-450E-A302-0E9D12F4CC9B} = {B4A60DDB-5FFD-4B94-BFAC-CDE8F38A9DAD}
		{6B58DE87-2E76-43AC-9E1B-1DE529CCD974} = {B4A60DDB-5FFD-4B94-BFAC-CDE8F38A9DAD}
		{60F96DF7-F674-49BD-B75F-FE73DE2C71B0} = {B4A60DDB-5FFD-4B94-BFAC-CDE8F38A9DAD}
		{FC289FBF-1B83-46D7-AE40-87E09DCCAC63} = {B4A60DDB-5FFD-4B94-BFAC-CDE8F38A9DAD}
		{C5DCD7A4-91E5-4985-AC66-5DCEB2DF4DD1} = {B4A60DDB-5FFD-4B94-BFAC-CDE8F38A9DAD}
		{FBB60907-DC25-45C7-82A5-98DCA4E0F34C} = {AA94A6D2-2A29-4B1A-84A5-41296DF9314F}
		{C825CEDD-A29E-4DFD-8C5E-52265CA49912} = {AA94A6D2-2A29-4B1A-84A5-41296DF9314F}
		{CD9F8B0E-E5DD-484E-B16E-F1D4D457D5D5} = {B4A60DDB-5FFD-4B94-BFAC-CDE8F38A9DAD}
		{513294A5-C1E7-467F-913D-B6ACBC60291E} = {B4A60DDB-5FFD-4B94-BFAC-CDE8F38A9DAD}
		{913F546C-9AAF-4927-A309-313CC81450F6} = {AA94A6D2-2A29-4B1A-84A5-41296DF9314F}
	EndGlobalSection
	GlobalSection(ExtensibilityGlobals) = postSolution
		SolutionGuid = {D5F68811-FDBB-47C9-93C5-0F723BA67178}
	EndGlobalSection
EndGlobal
