
Microsoft Visual Studio Solution File, Format Version 12.00
# Visual Studio Version 17
VisualStudioVersion = 17.1.32414.318
MinimumVisualStudioVersion = 10.0.40219.1
Project("{9A19103F-16F7-4668-BE54-9A1E7A4F7556}") = "SampleApi", "samples\SampleApi\SampleApi.csproj", "{FB8B8CC5-A374-4070-9A1D-81C0C367F229}"
EndProject
Project("{9A19103F-16F7-4668-BE54-9A1E7A4F7556}") = "Entr.Domain", "src\Entr.Domain\Entr.Domain.csproj", "{6D90EB1E-C353-450E-A302-0E9D12F4CC9B}"
EndProject
Project("{2150E333-8FDC-42A3-9474-1A3956D46DE8}") = "src", "src", "{B4A60DDB-5FFD-4B94-BFAC-CDE8F38A9DAD}"
	ProjectSection(SolutionItems) = preProject
		src\Entr.Azure.WebJobs\Entr.Azure.WebJobs.csproj = src\Entr.Azure.WebJobs\Entr.Azure.WebJobs.csproj
	EndProjectSection
EndProject
Project("{9A19103F-16F7-4668-BE54-9A1E7A4F7556}") = "Entr.Data", "src\Entr.Data\Entr.Data.csproj", "{6B58DE87-2E76-43AC-9E1B-1DE529CCD974}"
EndProject
Project("{9A19103F-16F7-4668-BE54-9A1E7A4F7556}") = "Entr.CommandQuery", "src\Entr.CommandQuery\Entr.CommandQuery.csproj", "{FC289FBF-1B83-46D7-AE40-87E09DCCAC63}"
EndProject
Project("{2150E333-8FDC-42A3-9474-1A3956D46DE8}") = "test", "test", "{AA94A6D2-2A29-4B1A-84A5-41296DF9314F}"
EndProject
Project("{9A19103F-16F7-4668-BE54-9A1E7A4F7556}") = "Entr.CommandQuery.Autofac", "src\Entr.CommandQuery.Autofac\Entr.CommandQuery.Autofac.csproj", "{C5DCD7A4-91E5-4985-AC66-5DCEB2DF4DD1}"
EndProject
Project("{9A19103F-16F7-4668-BE54-9A1E7A4F7556}") = "Entr.CommandQuery.Tests", "test\Entr.CommandQuery.Tests\Entr.CommandQuery.Tests.csproj", "{FBB60907-DC25-45C7-82A5-98DCA4E0F34C}"
EndProject
Project("{9A19103F-16F7-4668-BE54-9A1E7A4F7556}") = "Entr.Domain.Tests", "test\Entr.Domain.Tests\Entr.Domain.Tests.csproj", "{C825CEDD-A29E-4DFD-8C5E-52265CA49912}"
EndProject
Project("{9A19103F-16F7-4668-BE54-9A1E7A4F7556}") = "Entr.Net.Smtp", "src\Entr.Net.Smtp\Entr.Net.Smtp.csproj", "{CD9F8B0E-E5DD-484E-B16E-F1D4D457D5D5}"
EndProject
Project("{2150E333-8FDC-42A3-9474-1A3956D46DE8}") = "samples", "samples", "{EB225E92-DED6-46BC-AB6A-D65E03A774D1}"
EndProject
Project("{FAE04EC0-301F-11D3-BF4B-00C04F79EFBC}") = "Entr.Domain.Generators.Tests", "test\Entr.Domain.Generators.Tests\Entr.Domain.Generators.Tests.csproj", "{DF35245F-F759-43F9-A51F-A4143545C425}"
EndProject
Project("{FAE04EC0-301F-11D3-BF4B-00C04F79EFBC}") = "Entr.Data.EntityFramework.Generators.Tests", "test\Entr.Data.EntityFramework.Generators.Tests\Entr.Data.EntityFramework.Generators.Tests.csproj", "{5DCC8DD9-4086-4D4C-B4D1-066C4F838C3B}"
EndProject
Project("{FAE04EC0-301F-11D3-BF4B-00C04F79EFBC}") = "Entr.Data.EntityFramework.Generators", "src\Entr.Data.EntityFramework.Generators\Entr.Data.EntityFramework.Generators.csproj", "{C720853C-ABE6-4D74-947E-B1BA01F9096C}"
EndProject
Project("{FAE04EC0-301F-11D3-BF4B-00C04F79EFBC}") = "Entr.Data.EntityFramework", "src\Entr.Data.EntityFramework\Entr.Data.EntityFramework.csproj", "{299A5723-36F3-4307-936C-2F857BBA2A31}"
EndProject
Project("{FAE04EC0-301F-11D3-BF4B-00C04F79EFBC}") = "Entr.Domain.Generators", "src\Entr.Domain.Generators\Entr.Domain.Generators.csproj", "{49D8E1E4-38D3-4CCA-92EE-BDDE422523DA}"
EndProject
Project("{FAE04EC0-301F-11D3-BF4B-00C04F79EFBC}") = "SampleApi.Tests", "samples\SampleApi.Tests\SampleApi.Tests.csproj", "{D6B37FBE-C93E-43F6-A79F-2FBD37DB013A}"
EndProject
Global
	GlobalSection(SolutionConfigurationPlatforms) = preSolution
		Debug|Any CPU = Debug|Any CPU
		Release|Any CPU = Release|Any CPU
	EndGlobalSection
	GlobalSection(ProjectConfigurationPlatforms) = postSolution
		{FB8B8CC5-A374-4070-9A1D-81C0C367F229}.Debug|Any CPU.ActiveCfg = Debug|Any CPU
		{FB8B8CC5-A374-4070-9A1D-81C0C367F229}.Debug|Any CPU.Build.0 = Debug|Any CPU
		{FB8B8CC5-A374-4070-9A1D-81C0C367F229}.Release|Any CPU.ActiveCfg = Release|Any CPU
		{6D90EB1E-C353-450E-A302-0E9D12F4CC9B}.Debug|Any CPU.ActiveCfg = Debug|Any CPU
		{6D90EB1E-C353-450E-A302-0E9D12F4CC9B}.Debug|Any CPU.Build.0 = Debug|Any CPU
		{6D90EB1E-C353-450E-A302-0E9D12F4CC9B}.Release|Any CPU.ActiveCfg = Release|Any CPU
		{6D90EB1E-C353-450E-A302-0E9D12F4CC9B}.Release|Any CPU.Build.0 = Release|Any CPU
		{6B58DE87-2E76-43AC-9E1B-1DE529CCD974}.Debug|Any CPU.ActiveCfg = Debug|Any CPU
		{6B58DE87-2E76-43AC-9E1B-1DE529CCD974}.Debug|Any CPU.Build.0 = Debug|Any CPU
		{6B58DE87-2E76-43AC-9E1B-1DE529CCD974}.Release|Any CPU.ActiveCfg = Release|Any CPU
		{6B58DE87-2E76-43AC-9E1B-1DE529CCD974}.Release|Any CPU.Build.0 = Release|Any CPU
		{FC289FBF-1B83-46D7-AE40-87E09DCCAC63}.Debug|Any CPU.ActiveCfg = Debug|Any CPU
		{FC289FBF-1B83-46D7-AE40-87E09DCCAC63}.Debug|Any CPU.Build.0 = Debug|Any CPU
		{FC289FBF-1B83-46D7-AE40-87E09DCCAC63}.Release|Any CPU.ActiveCfg = Release|Any CPU
		{FC289FBF-1B83-46D7-AE40-87E09DCCAC63}.Release|Any CPU.Build.0 = Release|Any CPU
		{C5DCD7A4-91E5-4985-AC66-5DCEB2DF4DD1}.Debug|Any CPU.ActiveCfg = Debug|Any CPU
		{C5DCD7A4-91E5-4985-AC66-5DCEB2DF4DD1}.Debug|Any CPU.Build.0 = Debug|Any CPU
		{C5DCD7A4-91E5-4985-AC66-5DCEB2DF4DD1}.Release|Any CPU.ActiveCfg = Release|Any CPU
		{C5DCD7A4-91E5-4985-AC66-5DCEB2DF4DD1}.Release|Any CPU.Build.0 = Release|Any CPU
		{FBB60907-DC25-45C7-82A5-98DCA4E0F34C}.Debug|Any CPU.ActiveCfg = Debug|Any CPU
		{FBB60907-DC25-45C7-82A5-98DCA4E0F34C}.Debug|Any CPU.Build.0 = Debug|Any CPU
		{FBB60907-DC25-45C7-82A5-98DCA4E0F34C}.Release|Any CPU.ActiveCfg = Release|Any CPU
		{FBB60907-DC25-45C7-82A5-98DCA4E0F34C}.Release|Any CPU.Build.0 = Release|Any CPU
		{C825CEDD-A29E-4DFD-8C5E-52265CA49912}.Debug|Any CPU.ActiveCfg = Debug|Any CPU
		{C825CEDD-A29E-4DFD-8C5E-52265CA49912}.Debug|Any CPU.Build.0 = Debug|Any CPU
		{C825CEDD-A29E-4DFD-8C5E-52265CA49912}.Release|Any CPU.ActiveCfg = Release|Any CPU
		{C825CEDD-A29E-4DFD-8C5E-52265CA49912}.Release|Any CPU.Build.0 = Release|Any CPU
		{CD9F8B0E-E5DD-484E-B16E-F1D4D457D5D5}.Debug|Any CPU.ActiveCfg = Debug|Any CPU
		{CD9F8B0E-E5DD-484E-B16E-F1D4D457D5D5}.Debug|Any CPU.Build.0 = Debug|Any CPU
		{CD9F8B0E-E5DD-484E-B16E-F1D4D457D5D5}.Release|Any CPU.ActiveCfg = Release|Any CPU
		{CD9F8B0E-E5DD-484E-B16E-F1D4D457D5D5}.Release|Any CPU.Build.0 = Release|Any CPU
		{DF35245F-F759-43F9-A51F-A4143545C425}.Debug|Any CPU.ActiveCfg = Debug|Any CPU
		{DF35245F-F759-43F9-A51F-A4143545C425}.Debug|Any CPU.Build.0 = Debug|Any CPU
		{DF35245F-F759-43F9-A51F-A4143545C425}.Release|Any CPU.ActiveCfg = Release|Any CPU
		{DF35245F-F759-43F9-A51F-A4143545C425}.Release|Any CPU.Build.0 = Release|Any CPU
		{5DCC8DD9-4086-4D4C-B4D1-066C4F838C3B}.Debug|Any CPU.ActiveCfg = Debug|Any CPU
		{5DCC8DD9-4086-4D4C-B4D1-066C4F838C3B}.Debug|Any CPU.Build.0 = Debug|Any CPU
		{5DCC8DD9-4086-4D4C-B4D1-066C4F838C3B}.Release|Any CPU.ActiveCfg = Release|Any CPU
		{5DCC8DD9-4086-4D4C-B4D1-066C4F838C3B}.Release|Any CPU.Build.0 = Release|Any CPU
		{C720853C-ABE6-4D74-947E-B1BA01F9096C}.Debug|Any CPU.ActiveCfg = Debug|Any CPU
		{C720853C-ABE6-4D74-947E-B1BA01F9096C}.Debug|Any CPU.Build.0 = Debug|Any CPU
		{C720853C-ABE6-4D74-947E-B1BA01F9096C}.Release|Any CPU.ActiveCfg = Release|Any CPU
		{C720853C-ABE6-4D74-947E-B1BA01F9096C}.Release|Any CPU.Build.0 = Release|Any CPU
		{299A5723-36F3-4307-936C-2F857BBA2A31}.Debug|Any CPU.ActiveCfg = Debug|Any CPU
		{299A5723-36F3-4307-936C-2F857BBA2A31}.Debug|Any CPU.Build.0 = Debug|Any CPU
		{299A5723-36F3-4307-936C-2F857BBA2A31}.Release|Any CPU.ActiveCfg = Release|Any CPU
		{299A5723-36F3-4307-936C-2F857BBA2A31}.Release|Any CPU.Build.0 = Release|Any CPU
		{49D8E1E4-38D3-4CCA-92EE-BDDE422523DA}.Debug|Any CPU.ActiveCfg = Debug|Any CPU
		{49D8E1E4-38D3-4CCA-92EE-BDDE422523DA}.Debug|Any CPU.Build.0 = Debug|Any CPU
		{49D8E1E4-38D3-4CCA-92EE-BDDE422523DA}.Release|Any CPU.ActiveCfg = Release|Any CPU
		{49D8E1E4-38D3-4CCA-92EE-BDDE422523DA}.Release|Any CPU.Build.0 = Release|Any CPU
		{D6B37FBE-C93E-43F6-A79F-2FBD37DB013A}.Debug|Any CPU.ActiveCfg = Debug|Any CPU
		{D6B37FBE-C93E-43F6-A79F-2FBD37DB013A}.Debug|Any CPU.Build.0 = Debug|Any CPU
		{D6B37FBE-C93E-43F6-A79F-2FBD37DB013A}.Release|Any CPU.ActiveCfg = Release|Any CPU
		{D6B37FBE-C93E-43F6-A79F-2FBD37DB013A}.Release|Any CPU.Build.0 = Release|Any CPU
	EndGlobalSection
	GlobalSection(SolutionProperties) = preSolution
		HideSolutionNode = FALSE
	EndGlobalSection
	GlobalSection(NestedProjects) = preSolution
		{FB8B8CC5-A374-4070-9A1D-81C0C367F229} = {EB225E92-DED6-46BC-AB6A-D65E03A774D1}
		{6D90EB1E-C353-450E-A302-0E9D12F4CC9B} = {B4A60DDB-5FFD-4B94-BFAC-CDE8F38A9DAD}
		{6B58DE87-2E76-43AC-9E1B-1DE529CCD974} = {B4A60DDB-5FFD-4B94-BFAC-CDE8F38A9DAD}
		{FC289FBF-1B83-46D7-AE40-87E09DCCAC63} = {B4A60DDB-5FFD-4B94-BFAC-CDE8F38A9DAD}
		{C5DCD7A4-91E5-4985-AC66-5DCEB2DF4DD1} = {B4A60DDB-5FFD-4B94-BFAC-CDE8F38A9DAD}
		{FBB60907-DC25-45C7-82A5-98DCA4E0F34C} = {AA94A6D2-2A29-4B1A-84A5-41296DF9314F}
		{C825CEDD-A29E-4DFD-8C5E-52265CA49912} = {AA94A6D2-2A29-4B1A-84A5-41296DF9314F}
		{CD9F8B0E-E5DD-484E-B16E-F1D4D457D5D5} = {B4A60DDB-5FFD-4B94-BFAC-CDE8F38A9DAD}
		{DF35245F-F759-43F9-A51F-A4143545C425} = {AA94A6D2-2A29-4B1A-84A5-41296DF9314F}
		{5DCC8DD9-4086-4D4C-B4D1-066C4F838C3B} = {AA94A6D2-2A29-4B1A-84A5-41296DF9314F}
		{C720853C-ABE6-4D74-947E-B1BA01F9096C} = {B4A60DDB-5FFD-4B94-BFAC-CDE8F38A9DAD}
		{299A5723-36F3-4307-936C-2F857BBA2A31} = {B4A60DDB-5FFD-4B94-BFAC-CDE8F38A9DAD}
		{49D8E1E4-38D3-4CCA-92EE-BDDE422523DA} = {B4A60DDB-5FFD-4B94-BFAC-CDE8F38A9DAD}
		{D6B37FBE-C93E-43F6-A79F-2FBD37DB013A} = {EB225E92-DED6-46BC-AB6A-D65E03A774D1}
	EndGlobalSection
	GlobalSection(ExtensibilityGlobals) = postSolution
		SolutionGuid = {D5F68811-FDBB-47C9-93C5-0F723BA67178}
	EndGlobalSection
EndGlobal
